// !$*UTF8*$!
{
	archiveVersion = 1;
	classes = {
	};
	objectVersion = 46;
	objects = {

/* Begin PBXBuildFile section */
		18400534197E0B9C0014CF93 /* Foundation.framework in Frameworks */ = {isa = PBXBuildFile; fileRef = 18400533197E0B9C0014CF93 /* Foundation.framework */; };
		18400536197E0B9C0014CF93 /* CoreGraphics.framework in Frameworks */ = {isa = PBXBuildFile; fileRef = 18400535197E0B9C0014CF93 /* CoreGraphics.framework */; };
		18400538197E0B9C0014CF93 /* UIKit.framework in Frameworks */ = {isa = PBXBuildFile; fileRef = 18400537197E0B9C0014CF93 /* UIKit.framework */; };
		1840053E197E0B9C0014CF93 /* InfoPlist.strings in Resources */ = {isa = PBXBuildFile; fileRef = 1840053C197E0B9C0014CF93 /* InfoPlist.strings */; };
		18400540197E0B9C0014CF93 /* main.m in Sources */ = {isa = PBXBuildFile; fileRef = 1840053F197E0B9C0014CF93 /* main.m */; };
		18400544197E0B9C0014CF93 /* DKAppDelegate.m in Sources */ = {isa = PBXBuildFile; fileRef = 18400543197E0B9C0014CF93 /* DKAppDelegate.m */; };
		18400546197E0B9C0014CF93 /* Images.xcassets in Resources */ = {isa = PBXBuildFile; fileRef = 18400545197E0B9C0014CF93 /* Images.xcassets */; };
		1840054D197E0B9C0014CF93 /* XCTest.framework in Frameworks */ = {isa = PBXBuildFile; fileRef = 1840054C197E0B9C0014CF93 /* XCTest.framework */; };
		1840054E197E0B9C0014CF93 /* Foundation.framework in Frameworks */ = {isa = PBXBuildFile; fileRef = 18400533197E0B9C0014CF93 /* Foundation.framework */; };
		1840054F197E0B9C0014CF93 /* UIKit.framework in Frameworks */ = {isa = PBXBuildFile; fileRef = 18400537197E0B9C0014CF93 /* UIKit.framework */; };
		18400557197E0B9C0014CF93 /* InfoPlist.strings in Resources */ = {isa = PBXBuildFile; fileRef = 18400555197E0B9C0014CF93 /* InfoPlist.strings */; };
		18400559197E0B9C0014CF93 /* test_pull_tableViewTests.m in Sources */ = {isa = PBXBuildFile; fileRef = 18400558197E0B9C0014CF93 /* test_pull_tableViewTests.m */; };
		18400568197E0BE40014CF93 /* DKTableViewController.m in Sources */ = {isa = PBXBuildFile; fileRef = 18400566197E0BE40014CF93 /* DKTableViewController.m */; };
		18400569197E0BE40014CF93 /* DKTableViewController.xib in Resources */ = {isa = PBXBuildFile; fileRef = 18400567197E0BE40014CF93 /* DKTableViewController.xib */; };
		E39434D91A40281400C6CD8A /* DKTableView.m in Sources */ = {isa = PBXBuildFile; fileRef = E39434D81A40281400C6CD8A /* DKTableView.m */; };
/* End PBXBuildFile section */

/* Begin PBXContainerItemProxy section */
		18400550197E0B9C0014CF93 /* PBXContainerItemProxy */ = {
			isa = PBXContainerItemProxy;
			containerPortal = 18400528197E0B9C0014CF93 /* Project object */;
			proxyType = 1;
			remoteGlobalIDString = 1840052F197E0B9C0014CF93;
			remoteInfo = test_pull_tableView;
		};
/* End PBXContainerItemProxy section */

/* Begin PBXFileReference section */
		18400530197E0B9C0014CF93 /* test_pull_tableView.app */ = {isa = PBXFileReference; explicitFileType = wrapper.application; includeInIndex = 0; path = test_pull_tableView.app; sourceTree = BUILT_PRODUCTS_DIR; };
		18400533197E0B9C0014CF93 /* Foundation.framework */ = {isa = PBXFileReference; lastKnownFileType = wrapper.framework; name = Foundation.framework; path = System/Library/Frameworks/Foundation.framework; sourceTree = SDKROOT; };
		18400535197E0B9C0014CF93 /* CoreGraphics.framework */ = {isa = PBXFileReference; lastKnownFileType = wrapper.framework; name = CoreGraphics.framework; path = System/Library/Frameworks/CoreGraphics.framework; sourceTree = SDKROOT; };
		18400537197E0B9C0014CF93 /* UIKit.framework */ = {isa = PBXFileReference; lastKnownFileType = wrapper.framework; name = UIKit.framework; path = System/Library/Frameworks/UIKit.framework; sourceTree = SDKROOT; };
		1840053B197E0B9C0014CF93 /* test_pull_tableView-Info.plist */ = {isa = PBXFileReference; lastKnownFileType = text.plist.xml; path = "test_pull_tableView-Info.plist"; sourceTree = "<group>"; };
		1840053D197E0B9C0014CF93 /* en */ = {isa = PBXFileReference; lastKnownFileType = text.plist.strings; name = en; path = en.lproj/InfoPlist.strings; sourceTree = "<group>"; };
		1840053F197E0B9C0014CF93 /* main.m */ = {isa = PBXFileReference; lastKnownFileType = sourcecode.c.objc; path = main.m; sourceTree = "<group>"; };
		18400541197E0B9C0014CF93 /* test_pull_tableView-Prefix.pch */ = {isa = PBXFileReference; lastKnownFileType = sourcecode.c.h; path = "test_pull_tableView-Prefix.pch"; sourceTree = "<group>"; };
		18400542197E0B9C0014CF93 /* DKAppDelegate.h */ = {isa = PBXFileReference; lastKnownFileType = sourcecode.c.h; path = DKAppDelegate.h; sourceTree = "<group>"; };
		18400543197E0B9C0014CF93 /* DKAppDelegate.m */ = {isa = PBXFileReference; lastKnownFileType = sourcecode.c.objc; path = DKAppDelegate.m; sourceTree = "<group>"; };
		18400545197E0B9C0014CF93 /* Images.xcassets */ = {isa = PBXFileReference; lastKnownFileType = folder.assetcatalog; path = Images.xcassets; sourceTree = "<group>"; };
		1840054B197E0B9C0014CF93 /* test_pull_tableViewTests.xctest */ = {isa = PBXFileReference; explicitFileType = wrapper.cfbundle; includeInIndex = 0; path = test_pull_tableViewTests.xctest; sourceTree = BUILT_PRODUCTS_DIR; };
		1840054C197E0B9C0014CF93 /* XCTest.framework */ = {isa = PBXFileReference; lastKnownFileType = wrapper.framework; name = XCTest.framework; path = Library/Frameworks/XCTest.framework; sourceTree = DEVELOPER_DIR; };
		18400554197E0B9C0014CF93 /* test_pull_tableViewTests-Info.plist */ = {isa = PBXFileReference; lastKnownFileType = text.plist.xml; path = "test_pull_tableViewTests-Info.plist"; sourceTree = "<group>"; };
		18400556197E0B9C0014CF93 /* en */ = {isa = PBXFileReference; lastKnownFileType = text.plist.strings; name = en; path = en.lproj/InfoPlist.strings; sourceTree = "<group>"; };
		18400558197E0B9C0014CF93 /* test_pull_tableViewTests.m */ = {isa = PBXFileReference; lastKnownFileType = sourcecode.c.objc; path = test_pull_tableViewTests.m; sourceTree = "<group>"; };
		18400565197E0BE40014CF93 /* DKTableViewController.h */ = {isa = PBXFileReference; fileEncoding = 4; lastKnownFileType = sourcecode.c.h; path = DKTableViewController.h; sourceTree = "<group>"; };
		18400566197E0BE40014CF93 /* DKTableViewController.m */ = {isa = PBXFileReference; fileEncoding = 4; lastKnownFileType = sourcecode.c.objc; path = DKTableViewController.m; sourceTree = "<group>"; };
		18400567197E0BE40014CF93 /* DKTableViewController.xib */ = {isa = PBXFileReference; fileEncoding = 4; lastKnownFileType = file.xib; path = DKTableViewController.xib; sourceTree = "<group>"; };
		E39434D71A40281400C6CD8A /* DKTableView.h */ = {isa = PBXFileReference; fileEncoding = 4; lastKnownFileType = sourcecode.c.h; path = DKTableView.h; sourceTree = "<group>"; };
		E39434D81A40281400C6CD8A /* DKTableView.m */ = {isa = PBXFileReference; fileEncoding = 4; lastKnownFileType = sourcecode.c.objc; lineEnding = 0; path = DKTableView.m; sourceTree = "<group>"; };
/* End PBXFileReference section */

/* Begin PBXFrameworksBuildPhase section */
		1840052D197E0B9C0014CF93 /* Frameworks */ = {
			isa = PBXFrameworksBuildPhase;
			buildActionMask = 2147483647;
			files = (
				18400536197E0B9C0014CF93 /* CoreGraphics.framework in Frameworks */,
				18400538197E0B9C0014CF93 /* UIKit.framework in Frameworks */,
				18400534197E0B9C0014CF93 /* Foundation.framework in Frameworks */,
			);
			runOnlyForDeploymentPostprocessing = 0;
		};
		18400548197E0B9C0014CF93 /* Frameworks */ = {
			isa = PBXFrameworksBuildPhase;
			buildActionMask = 2147483647;
			files = (
				1840054D197E0B9C0014CF93 /* XCTest.framework in Frameworks */,
				1840054F197E0B9C0014CF93 /* UIKit.framework in Frameworks */,
				1840054E197E0B9C0014CF93 /* Foundation.framework in Frameworks */,
			);
			runOnlyForDeploymentPostprocessing = 0;
		};
/* End PBXFrameworksBuildPhase section */

/* Begin PBXGroup section */
		18400527197E0B9C0014CF93 = {
			isa = PBXGroup;
			children = (
				18400539197E0B9C0014CF93 /* test_pull_tableView */,
				18400552197E0B9C0014CF93 /* test_pull_tableViewTests */,
				18400532197E0B9C0014CF93 /* Frameworks */,
				18400531197E0B9C0014CF93 /* Products */,
			);
			sourceTree = "<group>";
		};
		18400531197E0B9C0014CF93 /* Products */ = {
			isa = PBXGroup;
			children = (
				18400530197E0B9C0014CF93 /* test_pull_tableView.app */,
				1840054B197E0B9C0014CF93 /* test_pull_tableViewTests.xctest */,
			);
			name = Products;
			sourceTree = "<group>";
		};
		18400532197E0B9C0014CF93 /* Frameworks */ = {
			isa = PBXGroup;
			children = (
				18400533197E0B9C0014CF93 /* Foundation.framework */,
				18400535197E0B9C0014CF93 /* CoreGraphics.framework */,
				18400537197E0B9C0014CF93 /* UIKit.framework */,
				1840054C197E0B9C0014CF93 /* XCTest.framework */,
			);
			name = Frameworks;
			sourceTree = "<group>";
		};
		18400539197E0B9C0014CF93 /* test_pull_tableView */ = {
			isa = PBXGroup;
			children = (
				18400542197E0B9C0014CF93 /* DKAppDelegate.h */,
				18400543197E0B9C0014CF93 /* DKAppDelegate.m */,
				18400565197E0BE40014CF93 /* DKTableViewController.h */,
				18400566197E0BE40014CF93 /* DKTableViewController.m */,
				18400567197E0BE40014CF93 /* DKTableViewController.xib */,
				E39434D71A40281400C6CD8A /* DKTableView.h */,
				E39434D81A40281400C6CD8A /* DKTableView.m */,
				18400545197E0B9C0014CF93 /* Images.xcassets */,
				1840053A197E0B9C0014CF93 /* Supporting Files */,
			);
			path = test_pull_tableView;
			sourceTree = "<group>";
		};
		1840053A197E0B9C0014CF93 /* Supporting Files */ = {
			isa = PBXGroup;
			children = (
				1840053B197E0B9C0014CF93 /* test_pull_tableView-Info.plist */,
				1840053C197E0B9C0014CF93 /* InfoPlist.strings */,
				1840053F197E0B9C0014CF93 /* main.m */,
				18400541197E0B9C0014CF93 /* test_pull_tableView-Prefix.pch */,
			);
			name = "Supporting Files";
			sourceTree = "<group>";
		};
		18400552197E0B9C0014CF93 /* test_pull_tableViewTests */ = {
			isa = PBXGroup;
			children = (
				18400558197E0B9C0014CF93 /* test_pull_tableViewTests.m */,
				18400553197E0B9C0014CF93 /* Supporting Files */,
			);
			path = test_pull_tableViewTests;
			sourceTree = "<group>";
		};
		18400553197E0B9C0014CF93 /* Supporting Files */ = {
			isa = PBXGroup;
			children = (
				18400554197E0B9C0014CF93 /* test_pull_tableViewTests-Info.plist */,
				18400555197E0B9C0014CF93 /* InfoPlist.strings */,
			);
			name = "Supporting Files";
			sourceTree = "<group>";
		};
/* End PBXGroup section */

/* Begin PBXNativeTarget section */
		1840052F197E0B9C0014CF93 /* test_pull_tableView */ = {
			isa = PBXNativeTarget;
			buildConfigurationList = 1840055C197E0B9C0014CF93 /* Build configuration list for PBXNativeTarget "test_pull_tableView" */;
			buildPhases = (
				1840052C197E0B9C0014CF93 /* Sources */,
				1840052D197E0B9C0014CF93 /* Frameworks */,
				1840052E197E0B9C0014CF93 /* Resources */,
			);
			buildRules = (
			);
			dependencies = (
			);
			name = test_pull_tableView;
			productName = test_pull_tableView;
			productReference = 18400530197E0B9C0014CF93 /* test_pull_tableView.app */;
			productType = "com.apple.product-type.application";
		};
		1840054A197E0B9C0014CF93 /* test_pull_tableViewTests */ = {
			isa = PBXNativeTarget;
			buildConfigurationList = 1840055F197E0B9C0014CF93 /* Build configuration list for PBXNativeTarget "test_pull_tableViewTests" */;
			buildPhases = (
				18400547197E0B9C0014CF93 /* Sources */,
				18400548197E0B9C0014CF93 /* Frameworks */,
				18400549197E0B9C0014CF93 /* Resources */,
			);
			buildRules = (
			);
			dependencies = (
				18400551197E0B9C0014CF93 /* PBXTargetDependency */,
			);
			name = test_pull_tableViewTests;
			productName = test_pull_tableViewTests;
			productReference = 1840054B197E0B9C0014CF93 /* test_pull_tableViewTests.xctest */;
			productType = "com.apple.product-type.bundle.unit-test";
		};
/* End PBXNativeTarget section */

/* Begin PBXProject section */
		18400528197E0B9C0014CF93 /* Project object */ = {
			isa = PBXProject;
			attributes = {
				CLASSPREFIX = DK;
				LastUpgradeCheck = 0510;
				ORGANIZATIONNAME = ldk;
				TargetAttributes = {
					1840052F197E0B9C0014CF93 = {
						DevelopmentTeam = TQ6S3Y5ADP;
					};
					1840054A197E0B9C0014CF93 = {
						TestTargetID = 1840052F197E0B9C0014CF93;
					};
				};
			};
			buildConfigurationList = 1840052B197E0B9C0014CF93 /* Build configuration list for PBXProject "test_pull_tableView" */;
			compatibilityVersion = "Xcode 3.2";
			developmentRegion = English;
			hasScannedForEncodings = 0;
			knownRegions = (
				en,
			);
			mainGroup = 18400527197E0B9C0014CF93;
			productRefGroup = 18400531197E0B9C0014CF93 /* Products */;
			projectDirPath = "";
			projectRoot = "";
			targets = (
				1840052F197E0B9C0014CF93 /* test_pull_tableView */,
				1840054A197E0B9C0014CF93 /* test_pull_tableViewTests */,
			);
		};
/* End PBXProject section */

/* Begin PBXResourcesBuildPhase section */
		1840052E197E0B9C0014CF93 /* Resources */ = {
			isa = PBXResourcesBuildPhase;
			buildActionMask = 2147483647;
			files = (
				1840053E197E0B9C0014CF93 /* InfoPlist.strings in Resources */,
				18400569197E0BE40014CF93 /* DKTableViewController.xib in Resources */,
				18400546197E0B9C0014CF93 /* Images.xcassets in Resources */,
			);
			runOnlyForDeploymentPostprocessing = 0;
		};
		18400549197E0B9C0014CF93 /* Resources */ = {
			isa = PBXResourcesBuildPhase;
			buildActionMask = 2147483647;
			files = (
				18400557197E0B9C0014CF93 /* InfoPlist.strings in Resources */,
			);
			runOnlyForDeploymentPostprocessing = 0;
		};
/* End PBXResourcesBuildPhase section */

/* Begin PBXSourcesBuildPhase section */
		1840052C197E0B9C0014CF93 /* Sources */ = {
			isa = PBXSourcesBuildPhase;
			buildActionMask = 2147483647;
			files = (
				18400568197E0BE40014CF93 /* DKTableViewController.m in Sources */,
				18400540197E0B9C0014CF93 /* main.m in Sources */,
				E39434D91A40281400C6CD8A /* DKTableView.m in Sources */,
				18400544197E0B9C0014CF93 /* DKAppDelegate.m in Sources */,
			);
			runOnlyForDeploymentPostprocessing = 0;
		};
		18400547197E0B9C0014CF93 /* Sources */ = {
			isa = PBXSourcesBuildPhase;
			buildActionMask = 2147483647;
			files = (
				18400559197E0B9C0014CF93 /* test_pull_tableViewTests.m in Sources */,
			);
			runOnlyForDeploymentPostprocessing = 0;
		};
/* End PBXSourcesBuildPhase section */

/* Begin PBXTargetDependency section */
		18400551197E0B9C0014CF93 /* PBXTargetDependency */ = {
			isa = PBXTargetDependency;
			target = 1840052F197E0B9C0014CF93 /* test_pull_tableView */;
			targetProxy = 18400550197E0B9C0014CF93 /* PBXContainerItemProxy */;
		};
/* End PBXTargetDependency section */

/* Begin PBXVariantGroup section */
		1840053C197E0B9C0014CF93 /* InfoPlist.strings */ = {
			isa = PBXVariantGroup;
			children = (
				1840053D197E0B9C0014CF93 /* en */,
			);
			name = InfoPlist.strings;
			sourceTree = "<group>";
		};
		18400555197E0B9C0014CF93 /* InfoPlist.strings */ = {
			isa = PBXVariantGroup;
			children = (
				18400556197E0B9C0014CF93 /* en */,
			);
			name = InfoPlist.strings;
			sourceTree = "<group>";
		};
/* End PBXVariantGroup section */

/* Begin XCBuildConfiguration section */
		1840055A197E0B9C0014CF93 /* Debug */ = {
			isa = XCBuildConfiguration;
			buildSettings = {
				ALWAYS_SEARCH_USER_PATHS = NO;
				CLANG_CXX_LANGUAGE_STANDARD = "gnu++0x";
				CLANG_CXX_LIBRARY = "libc++";
				CLANG_ENABLE_MODULES = YES;
				CLANG_ENABLE_OBJC_ARC = YES;
				CLANG_WARN_BOOL_CONVERSION = YES;
				CLANG_WARN_CONSTANT_CONVERSION = YES;
				CLANG_WARN_DIRECT_OBJC_ISA_USAGE = YES_ERROR;
				CLANG_WARN_EMPTY_BODY = YES;
				CLANG_WARN_ENUM_CONVERSION = YES;
				CLANG_WARN_INT_CONVERSION = YES;
				CLANG_WARN_OBJC_ROOT_CLASS = YES_ERROR;
				CLANG_WARN__DUPLICATE_METHOD_MATCH = YES;
				"CODE_SIGN_IDENTITY[sdk=iphoneos*]" = "iPhone Developer";
				COPY_PHASE_STRIP = NO;
				GCC_C_LANGUAGE_STANDARD = gnu99;
				GCC_DYNAMIC_NO_PIC = NO;
				GCC_OPTIMIZATION_LEVEL = 0;
				GCC_PREPROCESSOR_DEFINITIONS = (
					"DEBUG=1",
					"$(inherited)",
				);
				GCC_SYMBOLS_PRIVATE_EXTERN = NO;
				GCC_WARN_64_TO_32_BIT_CONVERSION = YES;
				GCC_WARN_ABOUT_RETURN_TYPE = YES_ERROR;
				GCC_WARN_UNDECLARED_SELECTOR = YES;
				GCC_WARN_UNINITIALIZED_AUTOS = YES_AGGRESSIVE;
				GCC_WARN_UNUSED_FUNCTION = YES;
				GCC_WARN_UNUSED_VARIABLE = YES;
				IPHONEOS_DEPLOYMENT_TARGET = 7.1;
				ONLY_ACTIVE_ARCH = YES;
				SDKROOT = iphoneos;
			};
			name = Debug;
		};
		1840055B197E0B9C0014CF93 /* Release */ = {
			isa = XCBuildConfiguration;
			buildSettings = {
				ALWAYS_SEARCH_USER_PATHS = NO;
				CLANG_CXX_LANGUAGE_STANDARD = "gnu++0x";
				CLANG_CXX_LIBRARY = "libc++";
				CLANG_ENABLE_MODULES = YES;
				CLANG_ENABLE_OBJC_ARC = YES;
				CLANG_WARN_BOOL_CONVERSION = YES;
				CLANG_WARN_CONSTANT_CONVERSION = YES;
				CLANG_WARN_DIRECT_OBJC_ISA_USAGE = YES_ERROR;
				CLANG_WARN_EMPTY_BODY = YES;
				CLANG_WARN_ENUM_CONVERSION = YES;
				CLANG_WARN_INT_CONVERSION = YES;
				CLANG_WARN_OBJC_ROOT_CLASS = YES_ERROR;
				CLANG_WARN__DUPLICATE_METHOD_MATCH = YES;
				"CODE_SIGN_IDENTITY[sdk=iphoneos*]" = "iPhone Developer";
				COPY_PHASE_STRIP = YES;
				ENABLE_NS_ASSERTIONS = NO;
				GCC_C_LANGUAGE_STANDARD = gnu99;
				GCC_WARN_64_TO_32_BIT_CONVERSION = YES;
				GCC_WARN_ABOUT_RETURN_TYPE = YES_ERROR;
				GCC_WARN_UNDECLARED_SELECTOR = YES;
				GCC_WARN_UNINITIALIZED_AUTOS = YES_AGGRESSIVE;
				GCC_WARN_UNUSED_FUNCTION = YES;
				GCC_WARN_UNUSED_VARIABLE = YES;
				IPHONEOS_DEPLOYMENT_TARGET = 7.1;
				SDKROOT = iphoneos;
				VALIDATE_PRODUCT = YES;
			};
			name = Release;
		};
		1840055D197E0B9C0014CF93 /* Debug */ = {
			isa = XCBuildConfiguration;
			buildSettings = {
				ASSETCATALOG_COMPILER_APPICON_NAME = AppIcon;
				ASSETCATALOG_COMPILER_LAUNCHIMAGE_NAME = LaunchImage;
				CODE_SIGN_IDENTITY = "iPhone Developer";
				GCC_PRECOMPILE_PREFIX_HEADER = YES;
				GCC_PREFIX_HEADER = "test_pull_tableView/test_pull_tableView-Prefix.pch";
				INFOPLIST_FILE = "test_pull_tableView/test_pull_tableView-Info.plist";
				IPHONEOS_DEPLOYMENT_TARGET = 8.1;
				PRODUCT_NAME = "$(TARGET_NAME)";
				WRAPPER_EXTENSION = app;
			};
			name = Debug;
		};
		1840055E197E0B9C0014CF93 /* Release */ = {
			isa = XCBuildConfiguration;
			buildSettings = {
				ASSETCATALOG_COMPILER_APPICON_NAME = AppIcon;
				ASSETCATALOG_COMPILER_LAUNCHIMAGE_NAME = LaunchImage;
				CODE_SIGN_IDENTITY = "iPhone Developer";
				GCC_PRECOMPILE_PREFIX_HEADER = YES;
				GCC_PREFIX_HEADER = "test_pull_tableView/test_pull_tableView-Prefix.pch";
				INFOPLIST_FILE = "test_pull_tableView/test_pull_tableView-Info.plist";
				IPHONEOS_DEPLOYMENT_TARGET = 8.1;
				PRODUCT_NAME = "$(TARGET_NAME)";
				WRAPPER_EXTENSION = app;
			};
			name = Release;
		};
		18400560197E0B9C0014CF93 /* Debug */ = {
			isa = XCBuildConfiguration;
			buildSettings = {
				BUNDLE_LOADER = "$(BUILT_PRODUCTS_DIR)/test_pull_tableView.app/test_pull_tableView";
				FRAMEWORK_SEARCH_PATHS = (
					"$(SDKROOT)/Developer/Library/Frameworks",
					"$(inherited)",
					"$(DEVELOPER_FRAMEWORKS_DIR)",
				);
				GCC_PRECOMPILE_PREFIX_HEADER = YES;
				GCC_PREFIX_HEADER = "test_pull_tableView/test_pull_tableView-Prefix.pch";
				GCC_PREPROCESSOR_DEFINITIONS = (
					"DEBUG=1",
					"$(inherited)",
				);
				INFOPLIST_FILE = "test_pull_tableViewTests/test_pull_tableViewTests-Info.plist";
				PRODUCT_NAME = "$(TARGET_NAME)";
				TEST_HOST = "$(BUNDLE_LOADER)";
				WRAPPER_EXTENSION = xctest;
			};
			name = Debug;
		};
		18400561197E0B9C0014CF93 /* Release */ = {
			isa = XCBuildConfiguration;
			buildSettings = {
				BUNDLE_LOADER = "$(BUILT_PRODUCTS_DIR)/test_pull_tableView.app/test_pull_tableView";
				FRAMEWORK_SEARCH_PATHS = (
					"$(SDKROOT)/Developer/Library/Frameworks",
					"$(inherited)",
					"$(DEVELOPER_FRAMEWORKS_DIR)",
				);
				GCC_PRECOMPILE_PREFIX_HEADER = YES;
				GCC_PREFIX_HEADER = "test_pull_tableView/test_pull_tableView-Prefix.pch";
				INFOPLIST_FILE = "test_pull_tableViewTests/test_pull_tableViewTests-Info.plist";
				PRODUCT_NAME = "$(TARGET_NAME)";
				TEST_HOST = "$(BUNDLE_LOADER)";
				WRAPPER_EXTENSION = xctest;
			};
			name = Release;
		};
/* End XCBuildConfiguration section */

/* Begin XCConfigurationList section */
		1840052B197E0B9C0014CF93 /* Build configuration list for PBXProject "test_pull_tableView" */ = {
			isa = XCConfigurationList;
			buildConfigurations = (
				1840055A197E0B9C0014CF93 /* Debug */,
				1840055B197E0B9C0014CF93 /* Release */,
			);
			defaultConfigurationIsVisible = 0;
			defaultConfigurationName = Release;
		};
		1840055C197E0B9C0014CF93 /* Build configuration list for PBXNativeTarget "test_pull_tableView" */ = {
			isa = XCConfigurationList;
			buildConfigurations = (
				1840055D197E0B9C0014CF93 /* Debug */,
				1840055E197E0B9C0014CF93 /* Release */,
			);
			defaultConfigurationIsVisible = 0;
			defaultConfigurationName = Release;
		};
		1840055F197E0B9C0014CF93 /* Build configuration list for PBXNativeTarget "test_pull_tableViewTests" */ = {
			isa = XCConfigurationList;
			buildConfigurations = (
				18400560197E0B9C0014CF93 /* Debug */,
				18400561197E0B9C0014CF93 /* Release */,
			);
			defaultConfigurationIsVisible = 0;
			defaultConfigurationName = Release;
		};
/* End XCConfigurationList section */
	};
	rootObject = 18400528197E0B9C0014CF93 /* Project object */;
}
